
Microsoft Visual Studio Solution File, Format Version 12.00
# Visual Studio Version 17
VisualStudioVersion = 17.4.33213.308
MinimumVisualStudioVersion = 10.0.40219.1
Project("{FAE04EC0-301F-11D3-BF4B-00C04F79EFBC}") = "PrimeNumbers", "PrimeNumbers\PrimeNumbers.csproj", "{56C2DAE5-462E-4A78-84CF-9E7B968A4B1E}"
EndProject
Global
	GlobalSection(SolutionConfigurationPlatforms) = preSolution
		Debug|Any CPU = Debug|Any CPU
		Release|Any CPU = Release|Any CPU
	EndGlobalSection
	GlobalSection(ProjectConfigurationPlatforms) = postSolution
		{56C2DAE5-462E-4A78-84CF-9E7B968A4B1E}.Debug|Any CPU.ActiveCfg = Debug|Any CPU
		{56C2DAE5-462E-4A78-84CF-9E7B968A4B1E}.Debug|Any CPU.Build.0 = Debug|Any CPU
		{56C2DAE5-462E-4A78-84CF-9E7B968A4B1E}.Release|Any CPU.ActiveCfg = Release|Any CPU
		{56C2DAE5-462E-4A78-84CF-9E7B968A4B1E}.Release|Any CPU.Build.0 = Release|Any CPU
	EndGlobalSection
	GlobalSection(SolutionProperties) = preSolution
		HideSolutionNode = FALSE
	EndGlobalSection
	GlobalSection(ExtensibilityGlobals) = postSolution
		SolutionGuid = {F72F337E-B51E-41AC-B23B-C3D73EE1BDC9}
	EndGlobalSection
EndGlobal
